<?xml version="1.0" encoding="utf-8"?>
<Project ToolsVersion="4.0" xmlns="http://schemas.microsoft.com/developer/msbuild/2003">
  <ItemGroup>
    <Filter Include="Header Files">
      <UniqueIdentifier>{93995380-89BD-4b04-88EB-625FBE52EBFB}</UniqueIdentifier>
      <Extensions>h;hh;hpp;hxx;h++;hm;inl;inc;ipp;xsd</Extensions>
    </Filter>
    <Filter Include="Source">
      <UniqueIdentifier>{4FC737F1-C7A5-4376-A066-2A32D752A2FF}</UniqueIdentifier>
      <Extensions>cpp;c;cc;cxx;c++;cppm;ixx;def;odl;idl;hpj;bat;asm;asmx</Extensions>
    </Filter>
    <Filter Include="Source\Application">
      <UniqueIdentifier>{70a6864c-8c2e-4fac-97ea-3b6a623ce42c}</UniqueIdentifier>
    </Filter>
    <Filter Include="Source\Application\Graphics">
      <UniqueIdentifier>{02dcd043-fc71-4483-8ff3-cc171c577d2a}</UniqueIdentifier>
    </Filter>
    <Filter Include="Source\Application\EngineLoop">
      <UniqueIdentifier>{1300dfe3-fadf-43f4-846e-03cdf6dc3138}</UniqueIdentifier>
    </Filter>
    <Filter Include="Source\Core">
      <UniqueIdentifier>{e87e5236-3106-4c09-8627-ab0b05235df5}</UniqueIdentifier>
    </Filter>
    <Filter Include="Source\Core\Math">
      <UniqueIdentifier>{cbc429b3-5dcf-4af7-8989-32f3a9a446d1}</UniqueIdentifier>
    </Filter>
    <Filter Include="Source\Core\Logger">
      <UniqueIdentifier>{0d275ee5-77a8-4559-866b-a075f734c67d}</UniqueIdentifier>
    </Filter>
    <Filter Include="Source\Core\PCH">
      <UniqueIdentifier>{8363fb31-b485-4a45-bc4b-6f390de335c3}</UniqueIdentifier>
    </Filter>
    <Filter Include="Source\Core\Input">
      <UniqueIdentifier>{b523547f-fe0d-48a1-a630-4444721b10f3}</UniqueIdentifier>
    </Filter>
    <Filter Include="Source\Core\Events">
      <UniqueIdentifier>{aa54e6eb-1cf9-4230-b2d2-5d1b1fccace5}</UniqueIdentifier>
    </Filter>
    <Filter Include="Source\Core\Objects">
      <UniqueIdentifier>{410720a1-10df-4f4d-892d-0db031d906de}</UniqueIdentifier>
    </Filter>
    <Filter Include="Source\Core\Objects\Components">
      <UniqueIdentifier>{52391c5d-fb8f-428e-96a3-2d525f103521}</UniqueIdentifier>
    </Filter>
    <Filter Include="Source\Shaders">
      <UniqueIdentifier>{e379e967-f0c6-44d5-b9ce-ad11729ffc83}</UniqueIdentifier>
    </Filter>
    <Filter Include="Source\Application\FileImporter">
      <UniqueIdentifier>{2ebdcd89-c568-4206-b0d9-61b22763492e}</UniqueIdentifier>
    </Filter>
    <Filter Include="Source\Debug">
      <UniqueIdentifier>{210dbe8a-4256-4b5c-9887-e6df77ebfce2}</UniqueIdentifier>
    </Filter>
    <Filter Include="Resources">
      <UniqueIdentifier>{cf8eda45-a75d-42b1-8c18-790a74dc46e7}</UniqueIdentifier>
    </Filter>
    <Filter Include="Source\Core\Objects\Mesh">
      <UniqueIdentifier>{abd78933-b7bd-44f7-8106-572fb560a100}</UniqueIdentifier>
    </Filter>
    <Filter Include="Source\Core\Objects\Camera">
      <UniqueIdentifier>{25e0e0e9-c548-4573-987c-7c0f4c4ce672}</UniqueIdentifier>
    </Filter>
    <Filter Include="Source\BinaryTree">
      <UniqueIdentifier>{0e85c9ec-9bec-4871-b966-0935a9c0aef5}</UniqueIdentifier>
    </Filter>
    <Filter Include="Source\Core\Lighting">
      <UniqueIdentifier>{0c721072-b9bd-4d65-a1ec-6b1353dcf0bc}</UniqueIdentifier>
    </Filter>
    <Filter Include="Source\Application\FileImporter\OBJLoader">
      <UniqueIdentifier>{bd4ca2dd-82e2-480f-a0e3-9295bbc91e99}</UniqueIdentifier>
    </Filter>
    <Filter Include="Source\Application\FileImporter\DDSLoader">
      <UniqueIdentifier>{f7419a91-d948-4387-ba37-9e4edf472cf6}</UniqueIdentifier>
    </Filter>
    <Filter Include="Source\Shaders\Basic">
      <UniqueIdentifier>{cf7126e1-3952-41e2-be42-c626d758dc65}</UniqueIdentifier>
    </Filter>
    <Filter Include="Source\Core\Objects\Mesh\SkyDome">
      <UniqueIdentifier>{8ef1e5a0-b798-4229-ad86-727e4b493e8a}</UniqueIdentifier>
    </Filter>
    <Filter Include="Source\Core\Lighting\DirectionalLight">
      <UniqueIdentifier>{007ae6aa-ab4a-4cfa-86df-7cd279078d19}</UniqueIdentifier>
    </Filter>
    <Filter Include="Source\Core\Lighting\PointLight">
      <UniqueIdentifier>{86da4e9f-3bba-4261-b26e-aa1e53c6b00e}</UniqueIdentifier>
    </Filter>
    <Filter Include="Source\Core\Objects\Mesh\Plane">
      <UniqueIdentifier>{a3333f14-ee48-4a14-a606-82ed0ec8d4ff}</UniqueIdentifier>
    </Filter>
    <Filter Include="Source\Shaders\Basic\LitShader">
      <UniqueIdentifier>{a0e720f6-dcd6-4608-abae-5b6b6ad22dee}</UniqueIdentifier>
    </Filter>
    <Filter Include="ThirdParty">
      <UniqueIdentifier>{23592936-612d-4879-b6d4-aed4cb771368}</UniqueIdentifier>
    </Filter>
    <Filter Include="ThirdParty\ImGui">
      <UniqueIdentifier>{9d255e99-5679-4276-b190-47d211b1cbe4}</UniqueIdentifier>
    </Filter>
    <Filter Include="Source\UI">
      <UniqueIdentifier>{3a009a5a-8b7b-4dde-b1d0-8478ecfd63dd}</UniqueIdentifier>
    </Filter>
    <Filter Include="Source\UI\LogUi">
      <UniqueIdentifier>{6c7cea36-81b5-40d4-8931-3fe20fb30572}</UniqueIdentifier>
    </Filter>
    <Filter Include="Source\UI\PropertyManager">
      <UniqueIdentifier>{0901a57f-4487-4252-8629-38f67f4286c2}</UniqueIdentifier>
    </Filter>
    <Filter Include="Source\Core\Objects\Controller">
      <UniqueIdentifier>{c3992be8-dc42-42e9-b85e-f2847979273b}</UniqueIdentifier>
    </Filter>
    <Filter Include="Source\Core\Objects\Controller\EngineController">
      <UniqueIdentifier>{e5f977fe-52d6-49af-9f88-3399741b4c99}</UniqueIdentifier>
    </Filter>
    <Filter Include="Source\Shaders\PostProcessing">
      <UniqueIdentifier>{cd2cf9f5-4c84-430d-a149-e2737a9d10b8}</UniqueIdentifier>
    </Filter>
    <Filter Include="Source\Core\Objects\Mesh\Solar">
      <UniqueIdentifier>{1957df4d-0d46-4549-9f42-49a01294ed8e}</UniqueIdentifier>
    </Filter>
    <Filter Include="Source\Shaders\Basic\TexturedShader">
      <UniqueIdentifier>{b9ee524a-7a4e-4857-869a-56a97594ae9f}</UniqueIdentifier>
    </Filter>
    <Filter Include="Source\Core\Objects\Controller\DemoController">
      <UniqueIdentifier>{04f7d8e2-42f8-4adc-88f5-679ba8c4ce82}</UniqueIdentifier>
    </Filter>
    <Filter Include="Source\Core\Objects\Mesh\WaterPlane">
      <UniqueIdentifier>{281742a6-4b62-4e29-8b16-fa6ea46c7133}</UniqueIdentifier>
    </Filter>
  </ItemGroup>
  <ItemGroup>
    <ClCompile Include="Entry.cpp">
      <Filter>Source</Filter>
    </ClCompile>
    <ClCompile Include="Application.cpp">
      <Filter>Source\Application</Filter>
    </ClCompile>
    <ClCompile Include="EventHandler.cpp">
      <Filter>Source\Core\Events</Filter>
    </ClCompile>
    <ClCompile Include="Input.cpp">
      <Filter>Source\Core\Input</Filter>
    </ClCompile>
    <ClCompile Include="EngineLoop.cpp">
      <Filter>Source\Application\EngineLoop</Filter>
    </ClCompile>
    <ClCompile Include="Object.cpp">
      <Filter>Source\Core\Objects</Filter>
    </ClCompile>
    <ClCompile Include="SceneComponent.cpp">
      <Filter>Source\Core\Objects\Components</Filter>
    </ClCompile>
    <ClCompile Include="MeshComponent.cpp">
      <Filter>Source\Core\Objects\Components</Filter>
    </ClCompile>
    <ClCompile Include="Graphics.cpp">
      <Filter>Source\Application\Graphics</Filter>
    </ClCompile>
    <ClCompile Include="CoreMinimal.cpp">
      <Filter>Source\Core\PCH</Filter>
    </ClCompile>
    <ClCompile Include="SceneObject.cpp">
      <Filter>Source\Core\Objects</Filter>
    </ClCompile>
    <ClCompile Include="Mesh.cpp">
      <Filter>Source\Core\Objects\Mesh</Filter>
    </ClCompile>
    <ClCompile Include="Camera.cpp">
      <Filter>Source\Core\Objects\Camera</Filter>
    </ClCompile>
    <ClCompile Include="Time.cpp">
      <Filter>Source\Application\EngineLoop</Filter>
    </ClCompile>
    <ClCompile Include="FileImporter.cpp">
      <Filter>Source\Application\FileImporter</Filter>
    </ClCompile>
    <ClCompile Include="OBJLoader.cpp">
      <Filter>Source\Application\FileImporter\OBJLoader</Filter>
    </ClCompile>
    <ClCompile Include="DDSTextureLoader.cpp">
      <Filter>Source\Application\FileImporter\DDSLoader</Filter>
    </ClCompile>
    <ClCompile Include="SkyDome.cpp">
      <Filter>Source\Core\Objects\Mesh\SkyDome</Filter>
    </ClCompile>
    <ClCompile Include="SkyDomeShader.cpp">
      <Filter>Source\Core\Objects\Mesh\SkyDome</Filter>
    </ClCompile>
    <ClCompile Include="BaseShader.cpp">
      <Filter>Source\Shaders\Basic</Filter>
    </ClCompile>
    <ClCompile Include="Light.cpp">
      <Filter>Source\Core\Lighting</Filter>
    </ClCompile>
    <ClCompile Include="PointLight.cpp">
      <Filter>Source\Core\Lighting\PointLight</Filter>
    </ClCompile>
    <ClCompile Include="DirectionalLight.cpp">
      <Filter>Source\Core\Lighting\DirectionalLight</Filter>
    </ClCompile>
    <ClCompile Include="Plane.cpp">
      <Filter>Source\Core\Objects\Mesh\Plane</Filter>
    </ClCompile>
    <ClCompile Include="LitShader.cpp">
      <Filter>Source\Shaders\Basic\LitShader</Filter>
    </ClCompile>
    <ClCompile Include="ImGui\imgui.cpp">
      <Filter>ThirdParty\ImGui</Filter>
    </ClCompile>
    <ClCompile Include="ImGui\imgui_draw.cpp">
      <Filter>ThirdParty\ImGui</Filter>
    </ClCompile>
    <ClCompile Include="ImGui\imgui_tables.cpp">
      <Filter>ThirdParty\ImGui</Filter>
    </ClCompile>
    <ClCompile Include="ImGui\imgui_widgets.cpp">
      <Filter>ThirdParty\ImGui</Filter>
    </ClCompile>
    <ClCompile Include="ImGui\imgui_impl_dx11.cpp">
      <Filter>ThirdParty\ImGui</Filter>
    </ClCompile>
    <ClCompile Include="ImGui\imgui_impl_win32.cpp">
      <Filter>ThirdParty\ImGui</Filter>
    </ClCompile>
    <ClCompile Include="ImGuiManager.cpp">
      <Filter>Source\UI</Filter>
    </ClCompile>
    <ClCompile Include="LogUi.cpp">
      <Filter>Source\UI\LogUi</Filter>
    </ClCompile>
    <ClCompile Include="PropertyManagerUi.cpp">
      <Filter>Source\UI\PropertyManager</Filter>
    </ClCompile>
    <ClCompile Include="DirectInput.cpp">
      <Filter>Source\Core\Input</Filter>
    </ClCompile>
    <ClCompile Include="Controller.cpp">
      <Filter>Source\Core\Objects\Controller</Filter>
    </ClCompile>
    <ClCompile Include="EngineController.cpp">
      <Filter>Source\Core\Objects\Controller\EngineController</Filter>
    </ClCompile>
    <ClCompile Include="PostProcessorShader.cpp">
      <Filter>Source\Shaders\PostProcessing</Filter>
    </ClCompile>
    <ClCompile Include="Orbit.cpp">
      <Filter>Source\Core\Objects\Mesh\Solar</Filter>
    </ClCompile>
    <ClCompile Include="TexturedShader.cpp">
      <Filter>Source\Shaders\Basic\TexturedShader</Filter>
    </ClCompile>
    <ClCompile Include="DemoController.cpp">
      <Filter>Source\Core\Objects\Controller\DemoController</Filter>
    </ClCompile>
    <ClCompile Include="WaterPlane.cpp">
      <Filter>Source\Core\Objects\Mesh\WaterPlane</Filter>
    </ClCompile>
  </ItemGroup>
  <ItemGroup>
    <ClInclude Include="Events.h">
      <Filter>Source\Core\Events</Filter>
    </ClInclude>
    <ClInclude Include="Input.h">
      <Filter>Source\Core\Input</Filter>
    </ClInclude>
    <ClInclude Include="Application.h">
      <Filter>Source\Application</Filter>
    </ClInclude>
    <ClInclude Include="Vector3.h">
      <Filter>Source\Core\Math</Filter>
    </ClInclude>
    <ClInclude Include="Vector2.h">
      <Filter>Source\Core\Math</Filter>
    </ClInclude>
    <ClInclude Include="Log.h">
      <Filter>Source\Core\Logger</Filter>
    </ClInclude>
    <ClInclude Include="CoreMinimal.h">
      <Filter>Source\Core\PCH</Filter>
    </ClInclude>
    <ClInclude Include="Buffer.h">
      <Filter>Source\Application\Graphics</Filter>
    </ClInclude>
    <ClInclude Include="EventHandler.h">
      <Filter>Source\Core\Events</Filter>
    </ClInclude>
    <ClInclude Include="EngineLoop.h">
      <Filter>Source\Application\EngineLoop</Filter>
    </ClInclude>
    <ClInclude Include="Object.h">
      <Filter>Source\Core\Objects</Filter>
    </ClInclude>
    <ClInclude Include="SceneComponent.h">
      <Filter>Source\Core\Objects\Components</Filter>
    </ClInclude>
    <ClInclude Include="MeshComponent.h">
      <Filter>Source\Core\Objects\Components</Filter>
    </ClInclude>
    <ClInclude Include="GraphicsCore.h">
      <Filter>Source\Application\Graphics</Filter>
    </ClInclude>
    <ClInclude Include="Graphics.h">
      <Filter>Source\Application\Graphics</Filter>
    </ClInclude>
    <ClInclude Include="resource.h">
      <Filter>Resources</Filter>
    </ClInclude>
    <ClInclude Include="SceneObject.h">
      <Filter>Source\Core\Objects</Filter>
    </ClInclude>
    <ClInclude Include="Mesh.h">
      <Filter>Source\Core\Objects\Mesh</Filter>
    </ClInclude>
    <ClInclude Include="Camera.h">
      <Filter>Source\Core\Objects\Camera</Filter>
    </ClInclude>
    <ClInclude Include="Rotator.h">
      <Filter>Source\Core\Math</Filter>
    </ClInclude>
    <ClInclude Include="Math.h">
      <Filter>Source\Core\Math</Filter>
    </ClInclude>
    <ClInclude Include="Time.h">
      <Filter>Source\Application\EngineLoop</Filter>
    </ClInclude>
    <ClInclude Include="FileImporter.h">
      <Filter>Source\Application\FileImporter</Filter>
    </ClInclude>
    <ClInclude Include="OBJLoader.h">
      <Filter>Source\Application\FileImporter\OBJLoader</Filter>
    </ClInclude>
    <ClInclude Include="DDSTextureLoader.h">
      <Filter>Source\Application\FileImporter\DDSLoader</Filter>
    </ClInclude>
    <ClInclude Include="SkyDome.h">
      <Filter>Source\Core\Objects\Mesh\SkyDome</Filter>
    </ClInclude>
    <ClInclude Include="Transform.h">
      <Filter>Source\Core\Math</Filter>
    </ClInclude>
    <ClInclude Include="SkyDomeShader.h">
      <Filter>Source\Core\Objects\Mesh\SkyDome</Filter>
    </ClInclude>
    <ClInclude Include="BaseShader.h">
      <Filter>Source\Shaders\Basic</Filter>
    </ClInclude>
    <ClInclude Include="Light.h">
      <Filter>Source\Core\Lighting</Filter>
    </ClInclude>
    <ClInclude Include="PointLight.h">
      <Filter>Source\Core\Lighting\PointLight</Filter>
    </ClInclude>
    <ClInclude Include="DirectionalLight.h">
      <Filter>Source\Core\Lighting\DirectionalLight</Filter>
    </ClInclude>
    <ClInclude Include="Color.h">
      <Filter>Source\Core\Math</Filter>
    </ClInclude>
    <ClInclude Include="Plane.h">
      <Filter>Source\Core\Objects\Mesh\Plane</Filter>
    </ClInclude>
    <ClInclude Include="LitShader.h">
      <Filter>Source\Shaders\Basic\LitShader</Filter>
    </ClInclude>
    <ClInclude Include="ImGui\imgui.h">
      <Filter>ThirdParty\ImGui</Filter>
    </ClInclude>
    <ClInclude Include="ImGui\imgui_internal.h">
      <Filter>ThirdParty\ImGui</Filter>
    </ClInclude>
    <ClInclude Include="ImGui\imstb_rectpack.h">
      <Filter>ThirdParty\ImGui</Filter>
    </ClInclude>
    <ClInclude Include="ImGui\imstb_textedit.h">
      <Filter>ThirdParty\ImGui</Filter>
    </ClInclude>
    <ClInclude Include="ImGui\imstb_truetype.h">
      <Filter>ThirdParty\ImGui</Filter>
    </ClInclude>
    <ClInclude Include="ImGui\imgui_impl_dx11.h">
      <Filter>ThirdParty\ImGui</Filter>
    </ClInclude>
    <ClInclude Include="ImGui\imgui_impl_win32.h">
      <Filter>ThirdParty\ImGui</Filter>
    </ClInclude>
    <ClInclude Include="ImGui\imconfig.h">
      <Filter>ThirdParty\ImGui</Filter>
    </ClInclude>
    <ClInclude Include="ImGuiManager.h">
      <Filter>Source\UI</Filter>
    </ClInclude>
    <ClInclude Include="UI.h">
      <Filter>Source\UI</Filter>
    </ClInclude>
    <ClInclude Include="LogUi.h">
      <Filter>Source\UI\LogUi</Filter>
    </ClInclude>
    <ClInclude Include="SimplexNoise.h">
      <Filter>Source\Core\Math</Filter>
    </ClInclude>
    <ClInclude Include="PropertyManagerUi.h">
      <Filter>Source\UI\PropertyManager</Filter>
    </ClInclude>
    <ClInclude Include="DirectInput.h">
      <Filter>Source\Core\Input</Filter>
    </ClInclude>
    <ClInclude Include="Controller.h">
      <Filter>Source\Core\Objects\Controller</Filter>
    </ClInclude>
    <ClInclude Include="EngineController.h">
      <Filter>Source\Core\Objects\Controller\EngineController</Filter>
    </ClInclude>
    <ClInclude Include="PostProcessorShader.h">
      <Filter>Source\Shaders\PostProcessing</Filter>
    </ClInclude>
    <ClInclude Include="Orbit.h">
      <Filter>Source\Core\Objects\Mesh\Solar</Filter>
    </ClInclude>
    <ClInclude Include="TexturedShader.h">
      <Filter>Source\Shaders\Basic\TexturedShader</Filter>
    </ClInclude>
    <ClInclude Include="DemoController.h">
      <Filter>Source\Core\Objects\Controller\DemoController</Filter>
    </ClInclude>
    <ClInclude Include="WaterPlane.h">
      <Filter>Source\Core\Objects\Mesh\WaterPlane</Filter>
    </ClInclude>
  </ItemGroup>
  <ItemGroup>
    <None Include="DX11 Framework.fx">
      <Filter>Source\Shaders</Filter>
    </None>
    <None Include="SkyDomeShader.fx">
      <Filter>Source\Shaders</Filter>
    </None>
    <None Include="UnlitShader.fx">
      <Filter>Source\Shaders</Filter>
    </None>
    <None Include="LitShader.fx">
      <Filter>Source\Shaders</Filter>
    </None>
    <None Include="TexturedShader.fx">
      <Filter>Source\Shaders</Filter>
    </None>
    <None Include="ClassDiagram.cd" />
  </ItemGroup>
  <ItemGroup>
    <ResourceCompile Include="DX11 Framework.rc">
      <Filter>Resources</Filter>
    </ResourceCompile>
  </ItemGroup>
</Project>